
Microsoft Visual Studio Solution File, Format Version 12.00
# Visual Studio 2015
Project("{FAE04EC0-301F-11D3-BF4B-00C04F79EFBC}") = "Blindness.Plugins", "Blindness.Plugins.csproj", "{2BAFC661-38BF-81DC-A21B-A8CB20B1A394}"
EndProject
Project("{FAE04EC0-301F-11D3-BF4B-00C04F79EFBC}") = "Blindness", "Blindness.csproj", "{96335D20-35A5-6900-BB81-A825218008BD}"
EndProject
Project("{FAE04EC0-301F-11D3-BF4B-00C04F79EFBC}") = "Blindness.Editor.Plugins", "Blindness.Editor.Plugins.csproj", "{FC9BED65-843D-645B-7535-2F5175D8AC8E}"
EndProject
Global
	GlobalSection(SolutionConfigurationPlatforms) = preSolution
		Debug|Any CPU = Debug|Any CPU
		Release|Any CPU = Release|Any CPU
	EndGlobalSection
	GlobalSection(ProjectConfigurationPlatforms) = postSolution
		{2BAFC661-38BF-81DC-A21B-A8CB20B1A394}.Debug|Any CPU.ActiveCfg = Debug|Any CPU
		{2BAFC661-38BF-81DC-A21B-A8CB20B1A394}.Debug|Any CPU.Build.0 = Debug|Any CPU
		{2BAFC661-38BF-81DC-A21B-A8CB20B1A394}.Release|Any CPU.ActiveCfg = Release|Any CPU
		{2BAFC661-38BF-81DC-A21B-A8CB20B1A394}.Release|Any CPU.Build.0 = Release|Any CPU
		{96335D20-35A5-6900-BB81-A825218008BD}.Debug|Any CPU.ActiveCfg = Debug|Any CPU
		{96335D20-35A5-6900-BB81-A825218008BD}.Debug|Any CPU.Build.0 = Debug|Any CPU
		{96335D20-35A5-6900-BB81-A825218008BD}.Release|Any CPU.ActiveCfg = Release|Any CPU
		{96335D20-35A5-6900-BB81-A825218008BD}.Release|Any CPU.Build.0 = Release|Any CPU
		{FC9BED65-843D-645B-7535-2F5175D8AC8E}.Debug|Any CPU.ActiveCfg = Debug|Any CPU
		{FC9BED65-843D-645B-7535-2F5175D8AC8E}.Debug|Any CPU.Build.0 = Debug|Any CPU
		{FC9BED65-843D-645B-7535-2F5175D8AC8E}.Release|Any CPU.ActiveCfg = Release|Any CPU
		{FC9BED65-843D-645B-7535-2F5175D8AC8E}.Release|Any CPU.Build.0 = Release|Any CPU
	EndGlobalSection
	GlobalSection(SolutionProperties) = preSolution
		HideSolutionNode = FALSE
	EndGlobalSection
EndGlobal
